{
  "name": "parthero",
  "lockfileVersion": 3,
  "requires": true,
  "packages": {
    "": {
      "dependencies": {
        "filepond-plugin-pdf-preview": "^1.0.4"
      }
    },
    "node_modules/filepond": {
      "version": "4.32.10",
      "resolved": "https://registry.npmjs.org/filepond/-/filepond-4.32.10.tgz",
      "integrity": "sha512-uflpIL+rfAgsYk7HgXugh7ELlHNHLTPtIHfvuq0gv3x2qNfVxdGA6T7RPxMh9Vji8ysXstXkDHVXQ4hY38MPTQ==",
      "license": "MIT"
    },
    "node_modules/filepond-plugin-pdf-preview": {
      "version": "1.0.4",
      "resolved": "https://registry.npmjs.org/filepond-plugin-pdf-preview/-/filepond-plugin-pdf-preview-1.0.4.tgz",
      "integrity": "sha512-i1sMTfPMTirm5LWYfAihmbr/Ef9UWRNWNL3aKtmluZ+iTAtcNsJJOnXtbptRrF2ngrbr9vpXF5q9/bnCKkbuTA==",
      "license": "MIT",
      "dependencies": {
        "filepond": "^4.25.1"
      },
      "peerDependencies": {
        "filepond": ">=4.x <5.x"
      }
    }
  }
}
